
Microsoft Visual Studio Solution File, Format Version 12.00
# Visual Studio 15
VisualStudioVersion = 15.0.27004.2010
MinimumVisualStudioVersion = 10.0.40219.1
Project("{FAE04EC0-301F-11D3-BF4B-00C04F79EFBC}") = "Lukster.RunAsUser", "Lukster.RunAsUser\Lukster.RunAsUser.csproj", "{7EEF4C2F-258B-4393-82D5-A9FD5B0A29CE}"
EndProject
Project("{FAE04EC0-301F-11D3-BF4B-00C04F79EFBC}") = "Lukster.RunAsUser.TestService", "Lukster.RunAsUser.TestService\Lukster.RunAsUser.TestService.csproj", "{C14E5547-F060-4936-AD43-4EBA0D7481C5}"
EndProject
Global
	GlobalSection(SolutionConfigurationPlatforms) = preSolution
		Debug|Any CPU = Debug|Any CPU
		Release|Any CPU = Release|Any CPU
	EndGlobalSection
	GlobalSection(ProjectConfigurationPlatforms) = postSolution
		{7EEF4C2F-258B-4393-82D5-A9FD5B0A29CE}.Debug|Any CPU.ActiveCfg = Debug|Any CPU
		{7EEF4C2F-258B-4393-82D5-A9FD5B0A29CE}.Debug|Any CPU.Build.0 = Debug|Any CPU
		{7EEF4C2F-258B-4393-82D5-A9FD5B0A29CE}.Release|Any CPU.ActiveCfg = Release|Any CPU
		{7EEF4C2F-258B-4393-82D5-A9FD5B0A29CE}.Release|Any CPU.Build.0 = Release|Any CPU
		{C14E5547-F060-4936-AD43-4EBA0D7481C5}.Debug|Any CPU.ActiveCfg = Debug|Any CPU
		{C14E5547-F060-4936-AD43-4EBA0D7481C5}.Debug|Any CPU.Build.0 = Debug|Any CPU
		{C14E5547-F060-4936-AD43-4EBA0D7481C5}.Release|Any CPU.ActiveCfg = Release|Any CPU
		{C14E5547-F060-4936-AD43-4EBA0D7481C5}.Release|Any CPU.Build.0 = Release|Any CPU
	EndGlobalSection
	GlobalSection(SolutionProperties) = preSolution
		HideSolutionNode = FALSE
	EndGlobalSection
	GlobalSection(ExtensibilityGlobals) = postSolution
		SolutionGuid = {884E3B07-A51C-4CD9-8516-8CE4234FD817}
	EndGlobalSection
	GlobalSection(SubversionScc) = preSolution
		Svn-Managed = True
		Manager = AnkhSVN - Subversion Support for Visual Studio
	EndGlobalSection
EndGlobal
